// !$*UTF8*$!
{
	archiveVersion = 1;
	classes = {
	};
	objectVersion = 46;
	objects = {

/* Begin PBXBuildFile section */
		60CCA8B61A09086100F4C34D /* AppDelegate.swift in Sources */ = {isa = PBXBuildFile; fileRef = 60CCA8B51A09086100F4C34D /* AppDelegate.swift */; };
		60CCA8B81A09086100F4C34D /* ViewController.swift in Sources */ = {isa = PBXBuildFile; fileRef = 60CCA8B71A09086100F4C34D /* ViewController.swift */; };
		60CCA8BB1A09086100F4C34D /* Main.storyboard in Resources */ = {isa = PBXBuildFile; fileRef = 60CCA8B91A09086100F4C34D /* Main.storyboard */; };
		60CCA8BD1A09086100F4C34D /* Images.xcassets in Resources */ = {isa = PBXBuildFile; fileRef = 60CCA8BC1A09086100F4C34D /* Images.xcassets */; };
		60CCA8C01A09086100F4C34D /* LaunchScreen.xib in Resources */ = {isa = PBXBuildFile; fileRef = 60CCA8BE1A09086100F4C34D /* LaunchScreen.xib */; };
		60CCA8CC1A09086100F4C34D /* BullsEyeTests.swift in Sources */ = {isa = PBXBuildFile; fileRef = 60CCA8CB1A09086100F4C34D /* BullsEyeTests.swift */; };
/* End PBXBuildFile section */

/* Begin PBXContainerItemProxy section */
		60CCA8C61A09086100F4C34D /* PBXContainerItemProxy */ = {
			isa = PBXContainerItemProxy;
			containerPortal = 60CCA8A81A09086100F4C34D /* Project object */;
			proxyType = 1;
			remoteGlobalIDString = 60CCA8AF1A09086100F4C34D;
			remoteInfo = BullsEye;
		};
/* End PBXContainerItemProxy section */

/* Begin PBXFileReference section */
		60CCA8B01A09086100F4C34D /* BullsEye.app */ = {isa = PBXFileReference; explicitFileType = wrapper.application; includeInIndex = 0; path = BullsEye.app; sourceTree = BUILT_PRODUCTS_DIR; };
		60CCA8B41A09086100F4C34D /* Info.plist */ = {isa = PBXFileReference; lastKnownFileType = text.plist.xml; path = Info.plist; sourceTree = "<group>"; };
		60CCA8B51A09086100F4C34D /* AppDelegate.swift */ = {isa = PBXFileReference; lastKnownFileType = sourcecode.swift; path = AppDelegate.swift; sourceTree = "<group>"; };
		60CCA8B71A09086100F4C34D /* ViewController.swift */ = {isa = PBXFileReference; lastKnownFileType = sourcecode.swift; path = ViewController.swift; sourceTree = "<group>"; };
		60CCA8BA1A09086100F4C34D /* Base */ = {isa = PBXFileReference; lastKnownFileType = file.storyboard; name = Base; path = Base.lproj/Main.storyboard; sourceTree = "<group>"; };
		60CCA8BC1A09086100F4C34D /* Images.xcassets */ = {isa = PBXFileReference; lastKnownFileType = folder.assetcatalog; path = Images.xcassets; sourceTree = "<group>"; };
		60CCA8BF1A09086100F4C34D /* Base */ = {isa = PBXFileReference; lastKnownFileType = file.xib; name = Base; path = Base.lproj/LaunchScreen.xib; sourceTree = "<group>"; };
		60CCA8C51A09086100F4C34D /* BullsEyeTests.xctest */ = {isa = PBXFileReference; explicitFileType = wrapper.cfbundle; includeInIndex = 0; path = BullsEyeTests.xctest; sourceTree = BUILT_PRODUCTS_DIR; };
		60CCA8CA1A09086100F4C34D /* Info.plist */ = {isa = PBXFileReference; lastKnownFileType = text.plist.xml; path = Info.plist; sourceTree = "<group>"; };
		60CCA8CB1A09086100F4C34D /* BullsEyeTests.swift */ = {isa = PBXFileReference; lastKnownFileType = sourcecode.swift; path = BullsEyeTests.swift; sourceTree = "<group>"; };
/* End PBXFileReference section */

/* Begin PBXFrameworksBuildPhase section */
		60CCA8AD1A09086100F4C34D /* Frameworks */ = {
			isa = PBXFrameworksBuildPhase;
			buildActionMask = 2147483647;
			files = (
			);
			runOnlyForDeploymentPostprocessing = 0;
		};
		60CCA8C21A09086100F4C34D /* Frameworks */ = {
			isa = PBXFrameworksBuildPhase;
			buildActionMask = 2147483647;
			files = (
			);
			runOnlyForDeploymentPostprocessing = 0;
		};
/* End PBXFrameworksBuildPhase section */

/* Begin PBXGroup section */
		60CCA8A71A09086100F4C34D = {
			isa = PBXGroup;
			children = (
				60CCA8B21A09086100F4C34D /* BullsEye */,
				60CCA8C81A09086100F4C34D /* BullsEyeTests */,
				60CCA8B11A09086100F4C34D /* Products */,
			);
			sourceTree = "<group>";
		};
		60CCA8B11A09086100F4C34D /* Products */ = {
			isa = PBXGroup;
			children = (
				60CCA8B01A09086100F4C34D /* BullsEye.app */,
				60CCA8C51A09086100F4C34D /* BullsEyeTests.xctest */,
			);
			name = Products;
			sourceTree = "<group>";
		};
		60CCA8B21A09086100F4C34D /* BullsEye */ = {
			isa = PBXGroup;
			children = (
				60CCA8B51A09086100F4C34D /* AppDelegate.swift */,
				60CCA8B71A09086100F4C34D /* ViewController.swift */,
				60CCA8B91A09086100F4C34D /* Main.storyboard */,
				60CCA8BC1A09086100F4C34D /* Images.xcassets */,
				60CCA8BE1A09086100F4C34D /* LaunchScreen.xib */,
				60CCA8B31A09086100F4C34D /* Supporting Files */,
			);
			path = BullsEye;
			sourceTree = "<group>";
		};
		60CCA8B31A09086100F4C34D /* Supporting Files */ = {
			isa = PBXGroup;
			children = (
				60CCA8B41A09086100F4C34D /* Info.plist */,
			);
			name = "Supporting Files";
			sourceTree = "<group>";
		};
		60CCA8C81A09086100F4C34D /* BullsEyeTests */ = {
			isa = PBXGroup;
			children = (
				60CCA8CB1A09086100F4C34D /* BullsEyeTests.swift */,
				60CCA8C91A09086100F4C34D /* Supporting Files */,
			);
			path = BullsEyeTests;
			sourceTree = "<group>";
		};
		60CCA8C91A09086100F4C34D /* Supporting Files */ = {
			isa = PBXGroup;
			children = (
				60CCA8CA1A09086100F4C34D /* Info.plist */,
			);
			name = "Supporting Files";
			sourceTree = "<group>";
		};
/* End PBXGroup section */

/* Begin PBXNativeTarget section */
		60CCA8AF1A09086100F4C34D /* BullsEye */ = {
			isa = PBXNativeTarget;
			buildConfigurationList = 60CCA8CF1A09086100F4C34D /* Build configuration list for PBXNativeTarget "BullsEye" */;
			buildPhases = (
				60CCA8AC1A09086100F4C34D /* Sources */,
				60CCA8AD1A09086100F4C34D /* Frameworks */,
				60CCA8AE1A09086100F4C34D /* Resources */,
			);
			buildRules = (
			);
			dependencies = (
			);
			name = BullsEye;
			productName = BullsEye;
			productReference = 60CCA8B01A09086100F4C34D /* BullsEye.app */;
			productType = "com.apple.product-type.application";
		};
		60CCA8C41A09086100F4C34D /* BullsEyeTests */ = {
			isa = PBXNativeTarget;
			buildConfigurationList = 60CCA8D21A09086100F4C34D /* Build configuration list for PBXNativeTarget "BullsEyeTests" */;
			buildPhases = (
				60CCA8C11A09086100F4C34D /* Sources */,
				60CCA8C21A09086100F4C34D /* Frameworks */,
				60CCA8C31A09086100F4C34D /* Resources */,
			);
			buildRules = (
			);
			dependencies = (
				60CCA8C71A09086100F4C34D /* PBXTargetDependency */,
			);
			name = BullsEyeTests;
			productName = BullsEyeTests;
			productReference = 60CCA8C51A09086100F4C34D /* BullsEyeTests.xctest */;
			productType = "com.apple.product-type.bundle.unit-test";
		};
/* End PBXNativeTarget section */

/* Begin PBXProject section */
		60CCA8A81A09086100F4C34D /* Project object */ = {
			isa = PBXProject;
			attributes = {
				LastUpgradeCheck = 0610;
				ORGANIZATIONNAME = "Alex Zhu";
				TargetAttributes = {
					60CCA8AF1A09086100F4C34D = {
						CreatedOnToolsVersion = 6.1;
					};
					60CCA8C41A09086100F4C34D = {
						CreatedOnToolsVersion = 6.1;
						TestTargetID = 60CCA8AF1A09086100F4C34D;
					};
				};
			};
			buildConfigurationList = 60CCA8AB1A09086100F4C34D /* Build configuration list for PBXProject "BullsEye" */;
			compatibilityVersion = "Xcode 3.2";
			developmentRegion = English;
			hasScannedForEncodings = 0;
			knownRegions = (
				en,
				Base,
			);
			mainGroup = 60CCA8A71A09086100F4C34D;
			productRefGroup = 60CCA8B11A09086100F4C34D /* Products */;
			projectDirPath = "";
			projectRoot = "";
			targets = (
				60CCA8AF1A09086100F4C34D /* BullsEye */,
				60CCA8C41A09086100F4C34D /* BullsEyeTests */,
			);
		};
/* End PBXProject section */

/* Begin PBXResourcesBuildPhase section */
		60CCA8AE1A09086100F4C34D /* Resources */ = {
			isa = PBXResourcesBuildPhase;
			buildActionMask = 2147483647;
			files = (
				60CCA8BB1A09086100F4C34D /* Main.storyboard in Resources */,
				60CCA8C01A09086100F4C34D /* LaunchScreen.xib in Resources */,
				60CCA8BD1A09086100F4C34D /* Images.xcassets in Resources */,
			);
			runOnlyForDeploymentPostprocessing = 0;
		};
		60CCA8C31A09086100F4C34D /* Resources */ = {
			isa = PBXResourcesBuildPhase;
			buildActionMask = 2147483647;
			files = (
			);
			runOnlyForDeploymentPostprocessing = 0;
		};
/* End PBXResourcesBuildPhase section */

/* Begin PBXSourcesBuildPhase section */
		60CCA8AC1A09086100F4C34D /* Sources */ = {
			isa = PBXSourcesBuildPhase;
			buildActionMask = 2147483647;
			files = (
				60CCA8B81A09086100F4C34D /* ViewController.swift in Sources */,
				60CCA8B61A09086100F4C34D /* AppDelegate.swift in Sources */,
			);
			runOnlyForDeploymentPostprocessing = 0;
		};
		60CCA8C11A09086100F4C34D /* Sources */ = {
			isa = PBXSourcesBuildPhase;
			buildActionMask = 2147483647;
			files = (
				60CCA8CC1A09086100F4C34D /* BullsEyeTests.swift in Sources */,
			);
			runOnlyForDeploymentPostprocessing = 0;
		};
/* End PBXSourcesBuildPhase section */

/* Begin PBXTargetDependency section */
		60CCA8C71A09086100F4C34D /* PBXTargetDependency */ = {
			isa = PBXTargetDependency;
			target = 60CCA8AF1A09086100F4C34D /* BullsEye */;
			targetProxy = 60CCA8C61A09086100F4C34D /* PBXContainerItemProxy */;
		};
/* End PBXTargetDependency section */

/* Begin PBXVariantGroup section */
		60CCA8B91A09086100F4C34D /* Main.storyboard */ = {
			isa = PBXVariantGroup;
			children = (
				60CCA8BA1A09086100F4C34D /* Base */,
			);
			name = Main.storyboard;
			sourceTree = "<group>";
		};
		60CCA8BE1A09086100F4C34D /* LaunchScreen.xib */ = {
			isa = PBXVariantGroup;
			children = (
				60CCA8BF1A09086100F4C34D /* Base */,
			);
			name = LaunchScreen.xib;
			sourceTree = "<group>";
		};
/* End PBXVariantGroup section */

/* Begin XCBuildConfiguration section */
		60CCA8CD1A09086100F4C34D /* Debug */ = {
			isa = XCBuildConfiguration;
			buildSettings = {
				ALWAYS_SEARCH_USER_PATHS = NO;
				CLANG_CXX_LANGUAGE_STANDARD = "gnu++0x";
				CLANG_CXX_LIBRARY = "libc++";
				CLANG_ENABLE_MODULES = YES;
				CLANG_ENABLE_OBJC_ARC = YES;
				CLANG_WARN_BOOL_CONVERSION = YES;
				CLANG_WARN_CONSTANT_CONVERSION = YES;
				CLANG_WARN_DIRECT_OBJC_ISA_USAGE = YES_ERROR;
				CLANG_WARN_EMPTY_BODY = YES;
				CLANG_WARN_ENUM_CONVERSION = YES;
				CLANG_WARN_INT_CONVERSION = YES;
				CLANG_WARN_OBJC_ROOT_CLASS = YES_ERROR;
				CLANG_WARN_UNREACHABLE_CODE = YES;
				CLANG_WARN__DUPLICATE_METHOD_MATCH = YES;
				"CODE_SIGN_IDENTITY[sdk=iphoneos*]" = "iPhone Developer";
				COPY_PHASE_STRIP = NO;
				ENABLE_STRICT_OBJC_MSGSEND = YES;
				GCC_C_LANGUAGE_STANDARD = gnu99;
				GCC_DYNAMIC_NO_PIC = NO;
				GCC_OPTIMIZATION_LEVEL = 0;
				GCC_PREPROCESSOR_DEFINITIONS = (
					"DEBUG=1",
					"$(inherited)",
				);
				GCC_SYMBOLS_PRIVATE_EXTERN = NO;
				GCC_WARN_64_TO_32_BIT_CONVERSION = YES;
				GCC_WARN_ABOUT_RETURN_TYPE = YES_ERROR;
				GCC_WARN_UNDECLARED_SELECTOR = YES;
				GCC_WARN_UNINITIALIZED_AUTOS = YES_AGGRESSIVE;
				GCC_WARN_UNUSED_FUNCTION = YES;
				GCC_WARN_UNUSED_VARIABLE = YES;
				IPHONEOS_DEPLOYMENT_TARGET = 8.1;
				MTL_ENABLE_DEBUG_INFO = YES;
				ONLY_ACTIVE_ARCH = YES;
				SDKROOT = iphoneos;
				SWIFT_OPTIMIZATION_LEVEL = "-Onone";
			};
			name = Debug;
		};
		60CCA8CE1A09086100F4C34D /* Release */ = {
			isa = XCBuildConfiguration;
			buildSettings = {
				ALWAYS_SEARCH_USER_PATHS = NO;
				CLANG_CXX_LANGUAGE_STANDARD = "gnu++0x";
				CLANG_CXX_LIBRARY = "libc++";
				CLANG_ENABLE_MODULES = YES;
				CLANG_ENABLE_OBJC_ARC = YES;
				CLANG_WARN_BOOL_CONVERSION = YES;
				CLANG_WARN_CONSTANT_CONVERSION = YES;
				CLANG_WARN_DIRECT_OBJC_ISA_USAGE = YES_ERROR;
				CLANG_WARN_EMPTY_BODY = YES;
				CLANG_WARN_ENUM_CONVERSION = YES;
				CLANG_WARN_INT_CONVERSION = YES;
				CLANG_WARN_OBJC_ROOT_CLASS = YES_ERROR;
				CLANG_WARN_UNREACHABLE_CODE = YES;
				CLANG_WARN__DUPLICATE_METHOD_MATCH = YES;
				"CODE_SIGN_IDENTITY[sdk=iphoneos*]" = "iPhone Developer";
				COPY_PHASE_STRIP = YES;
				ENABLE_NS_ASSERTIONS = NO;
				ENABLE_STRICT_OBJC_MSGSEND = YES;
				GCC_C_LANGUAGE_STANDARD = gnu99;
				GCC_WARN_64_TO_32_BIT_CONVERSION = YES;
				GCC_WARN_ABOUT_RETURN_TYPE = YES_ERROR;
				GCC_WARN_UNDECLARED_SELECTOR = YES;
				GCC_WARN_UNINITIALIZED_AUTOS = YES_AGGRESSIVE;
				GCC_WARN_UNUSED_FUNCTION = YES;
				GCC_WARN_UNUSED_VARIABLE = YES;
				IPHONEOS_DEPLOYMENT_TARGET = 8.1;
				MTL_ENABLE_DEBUG_INFO = NO;
				SDKROOT = iphoneos;
				VALIDATE_PRODUCT = YES;
			};
			name = Release;
		};
		60CCA8D01A09086100F4C34D /* Debug */ = {
			isa = XCBuildConfiguration;
			buildSettings = {
				ASSETCATALOG_COMPILER_APPICON_NAME = AppIcon;
				INFOPLIST_FILE = BullsEye/Info.plist;
				LD_RUNPATH_SEARCH_PATHS = "$(inherited) @executable_path/Frameworks";
				PRODUCT_NAME = "$(TARGET_NAME)";
			};
			name = Debug;
		};
		60CCA8D11A09086100F4C34D /* Release */ = {
			isa = XCBuildConfiguration;
			buildSettings = {
				ASSETCATALOG_COMPILER_APPICON_NAME = AppIcon;
				INFOPLIST_FILE = BullsEye/Info.plist;
				LD_RUNPATH_SEARCH_PATHS = "$(inherited) @executable_path/Frameworks";
				PRODUCT_NAME = "$(TARGET_NAME)";
			};
			name = Release;
		};
		60CCA8D31A09086100F4C34D /* Debug */ = {
			isa = XCBuildConfiguration;
			buildSettings = {
				BUNDLE_LOADER = "$(TEST_HOST)";
				FRAMEWORK_SEARCH_PATHS = (
					"$(SDKROOT)/Developer/Library/Frameworks",
					"$(inherited)",
				);
				GCC_PREPROCESSOR_DEFINITIONS = (
					"DEBUG=1",
					"$(inherited)",
				);
				INFOPLIST_FILE = BullsEyeTests/Info.plist;
				LD_RUNPATH_SEARCH_PATHS = "$(inherited) @executable_path/Frameworks @loader_path/Frameworks";
				PRODUCT_NAME = "$(TARGET_NAME)";
				TEST_HOST = "$(BUILT_PRODUCTS_DIR)/BullsEye.app/BullsEye";
			};
			name = Debug;
		};
		60CCA8D41A09086100F4C34D /* Release */ = {
			isa = XCBuildConfiguration;
			buildSettings = {
				BUNDLE_LOADER = "$(TEST_HOST)";
				FRAMEWORK_SEARCH_PATHS = (
					"$(SDKROOT)/Developer/Library/Frameworks",
					"$(inherited)",
				);
				INFOPLIST_FILE = BullsEyeTests/Info.plist;
				LD_RUNPATH_SEARCH_PATHS = "$(inherited) @executable_path/Frameworks @loader_path/Frameworks";
				PRODUCT_NAME = "$(TARGET_NAME)";
				TEST_HOST = "$(BUILT_PRODUCTS_DIR)/BullsEye.app/BullsEye";
			};
			name = Release;
		};
/* End XCBuildConfiguration section */

/* Begin XCConfigurationList section */
		60CCA8AB1A09086100F4C34D /* Build configuration list for PBXProject "BullsEye" */ = {
			isa = XCConfigurationList;
			buildConfigurations = (
				60CCA8CD1A09086100F4C34D /* Debug */,
				60CCA8CE1A09086100F4C34D /* Release */,
			);
			defaultConfigurationIsVisible = 0;
			defaultConfigurationName = Release;
		};
		60CCA8CF1A09086100F4C34D /* Build configuration list for PBXNativeTarget "BullsEye" */ = {
			isa = XCConfigurationList;
			buildConfigurations = (
				60CCA8D01A09086100F4C34D /* Debug */,
				60CCA8D11A09086100F4C34D /* Release */,
			);
			defaultConfigurationIsVisible = 0;
		};
		60CCA8D21A09086100F4C34D /* Build configuration list for PBXNativeTarget "BullsEyeTests" */ = {
			isa = XCConfigurationList;
			buildConfigurations = (
				60CCA8D31A09086100F4C34D /* Debug */,
				60CCA8D41A09086100F4C34D /* Release */,
			);
			defaultConfigurationIsVisible = 0;
		};
/* End XCConfigurationList section */
	};
	rootObject = 60CCA8A81A09086100F4C34D /* Project object */;
}
